
Microsoft Visual Studio Solution File, Format Version 12.00
# Visual Studio Version 17
VisualStudioVersion = 17.6.33712.159
MinimumVisualStudioVersion = 10.0.40219.1
Project("{9A19103F-16F7-4668-BE54-9A1E7A4F7556}") = "CMPSC487W_Project3", "CMPSC487W_Project3.csproj", "{F3AE9C6E-DE5E-4603-A4D0-1FF003DBDF77}"
EndProject
Global
	GlobalSection(SolutionConfigurationPlatforms) = preSolution
		Debug|Any CPU = Debug|Any CPU
		Release|Any CPU = Release|Any CPU
	EndGlobalSection
	GlobalSection(ProjectConfigurationPlatforms) = postSolution
		{F3AE9C6E-DE5E-4603-A4D0-1FF003DBDF77}.Debug|Any CPU.ActiveCfg = Debug|Any CPU
		{F3AE9C6E-DE5E-4603-A4D0-1FF003DBDF77}.Debug|Any CPU.Build.0 = Debug|Any CPU
		{F3AE9C6E-DE5E-4603-A4D0-1FF003DBDF77}.Release|Any CPU.ActiveCfg = Release|Any CPU
		{F3AE9C6E-DE5E-4603-A4D0-1FF003DBDF77}.Release|Any CPU.Build.0 = Release|Any CPU
	EndGlobalSection
	GlobalSection(SolutionProperties) = preSolution
		HideSolutionNode = FALSE
	EndGlobalSection
	GlobalSection(ExtensibilityGlobals) = postSolution
		SolutionGuid = {FDE44571-77A0-4DEF-B56D-9F9497ABC785}
	EndGlobalSection
EndGlobal
